<?xml version="1.0" encoding="utf-8"?>
<Project ToolsVersion="4.0" xmlns="http://schemas.microsoft.com/developer/msbuild/2003">
  <ItemGroup>
    <Filter Include="Source Files">
      <UniqueIdentifier>{4FC737F1-C7A5-4376-A066-2A32D752A2FF}</UniqueIdentifier>
      <Extensions>cpp;c;cc;cxx;c++;cppm;ixx;def;odl;idl;hpj;bat;asm;asmx</Extensions>
    </Filter>
    <Filter Include="Header Files">
      <UniqueIdentifier>{93995380-89BD-4b04-88EB-625FBE52EBFB}</UniqueIdentifier>
      <Extensions>h;hh;hpp;hxx;h++;hm;inl;inc;ipp;xsd</Extensions>
    </Filter>
    <Filter Include="Resource Files">
      <UniqueIdentifier>{67DA6AB6-F800-4c08-8B7A-83BB121AAD01}</UniqueIdentifier>
      <Extensions>rc;ico;cur;bmp;dlg;rc2;rct;bin;rgs;gif;jpg;jpeg;jpe;resx;tiff;tif;png;wav;mfcribbon-ms</Extensions>
    </Filter>
  </ItemGroup>
  <ItemGroup>
    <ClCompile Include="Source\app.c">
      <Filter>Source Files</Filter>
    </ClCompile>
    <ClCompile Include="Source\perlin.c">
      <Filter>Source Files</Filter>
    </ClCompile>
    <ClCompile Include="Source\input.c">
      <Filter>Source Files</Filter>
    </ClCompile>
    <ClCompile Include="Source\light.c">
      <Filter>Source Files</Filter>
    </ClCompile>
    <ClCompile Include="Source\image.c">
      <Filter>Source Files</Filter>
    </ClCompile>
    <ClCompile Include="Source\transform.c">
      <Filter>Source Files</Filter>
    </ClCompile>
    <ClCompile Include="Source\vector.c">
      <Filter>Source Files</Filter>
    </ClCompile>
    <ClCompile Include="Source\scenegraph.c">
      <Filter>Source Files</Filter>
    </ClCompile>
    <ClCompile Include="Source\object.c">
      <Filter>Source Files</Filter>
    </ClCompile>
    <ClCompile Include="Source\game.c">
      <Filter>Source Files</Filter>
    </ClCompile>
    <ClCompile Include="Source\renderer.c">
      <Filter>Source Files</Filter>
    </ClCompile>
    <ClCompile Include="Source\terrain.c">
      <Filter>Source Files</Filter>
    </ClCompile>
    <ClCompile Include="Source\texture.c">
      <Filter>Source Files</Filter>
    </ClCompile>
    <ClCompile Include="Source\helicopter.c">
      <Filter>Source Files</Filter>
    </ClCompile>
    <ClCompile Include="Source\skybox.c">
      <Filter>Source Files</Filter>
    </ClCompile>
    <ClCompile Include="Source\turbine.c">
      <Filter>Source Files</Filter>
    </ClCompile>
    <ClCompile Include="Source\tree.c">
      <Filter>Source Files</Filter>
    </ClCompile>
    <ClCompile Include="Source\building.c">
      <Filter>Source Files</Filter>
    </ClCompile>
    <ClCompile Include="Source\linkedlist.c">
      <Filter>Source Files</Filter>
    </ClCompile>
    <ClCompile Include="Source\camera.c">
      <Filter>Source Files</Filter>
    </ClCompile>
    <ClCompile Include="Source\quaternion.c">
      <Filter>Source Files</Filter>
    </ClCompile>
    <ClCompile Include="Source\matrix.c">
      <Filter>Source Files</Filter>
    </ClCompile>
  </ItemGroup>
  <ItemGroup>
    <ClInclude Include="freeglut\include\GL\freeglut.h">
      <Filter>Header Files</Filter>
    </ClInclude>
    <ClInclude Include="freeglut\include\GL\freeglut_ext.h">
      <Filter>Header Files</Filter>
    </ClInclude>
    <ClInclude Include="freeglut\include\GL\freeglut_std.h">
      <Filter>Header Files</Filter>
    </ClInclude>
    <ClInclude Include="freeglut\include\GL\glut.h">
      <Filter>Header Files</Filter>
    </ClInclude>
    <ClInclude Include="Source\perlin.h">
      <Filter>Header Files</Filter>
    </ClInclude>
    <ClInclude Include="Source\vector.h">
      <Filter>Header Files</Filter>
    </ClInclude>
    <ClInclude Include="Source\transform.h">
      <Filter>Header Files</Filter>
    </ClInclude>
    <ClInclude Include="Source\object.h">
      <Filter>Header Files</Filter>
    </ClInclude>
    <ClInclude Include="Source\scenegraph.h">
      <Filter>Header Files</Filter>
    </ClInclude>
    <ClInclude Include="Source\light.h">
      <Filter>Header Files</Filter>
    </ClInclude>
    <ClInclude Include="Source\input.h">
      <Filter>Header Files</Filter>
    </ClInclude>
    <ClInclude Include="Source\image.h">
      <Filter>Header Files</Filter>
    </ClInclude>
    <ClInclude Include="Source\renderer.h">
      <Filter>Header Files</Filter>
    </ClInclude>
    <ClInclude Include="Source\terrain.h">
      <Filter>Header Files</Filter>
    </ClInclude>
    <ClInclude Include="Source\texture.h">
      <Filter>Header Files</Filter>
    </ClInclude>
    <ClInclude Include="Source\helicopter.h">
      <Filter>Header Files</Filter>
    </ClInclude>
    <ClInclude Include="Source\skybox.h">
      <Filter>Header Files</Filter>
    </ClInclude>
    <ClInclude Include="Source\turbine.h">
      <Filter>Header Files</Filter>
    </ClInclude>
    <ClInclude Include="Source\tree.h">
      <Filter>Header Files</Filter>
    </ClInclude>
    <ClInclude Include="Source\building.h">
      <Filter>Header Files</Filter>
    </ClInclude>
    <ClInclude Include="Source\game.h">
      <Filter>Header Files</Filter>
    </ClInclude>
    <ClInclude Include="Source\linkedlist.h">
      <Filter>Header Files</Filter>
    </ClInclude>
    <ClInclude Include="Source\camera.h">
      <Filter>Header Files</Filter>
    </ClInclude>
    <ClInclude Include="Source\quaternion.h">
      <Filter>Header Files</Filter>
    </ClInclude>
    <ClInclude Include="include\GLFW\glfw3.h">
      <Filter>Header Files</Filter>
    </ClInclude>
    <ClInclude Include="include\GLFW\glfw3native.h">
      <Filter>Header Files</Filter>
    </ClInclude>
    <ClInclude Include="Source\matrix.h">
      <Filter>Header Files</Filter>
    </ClInclude>
  </ItemGroup>
</Project>